
Microsoft Visual Studio Solution File, Format Version 12.00
# Visual Studio Version 17
VisualStudioVersion = 17.10.34916.146
MinimumVisualStudioVersion = 10.0.40219.1
Project("{FAE04EC0-301F-11D3-BF4B-00C04F79EFBC}") = "IntroduccionCsharp", "IntroduccionCsharp\IntroduccionCsharp.csproj", "{76E760FA-A695-4058-A309-B43499E39EE4}"
EndProject
Global
	GlobalSection(SolutionConfigurationPlatforms) = preSolution
		Debug|Any CPU = Debug|Any CPU
		Release|Any CPU = Release|Any CPU
	EndGlobalSection
	GlobalSection(ProjectConfigurationPlatforms) = postSolution
		{76E760FA-A695-4058-A309-B43499E39EE4}.Debug|Any CPU.ActiveCfg = Debug|Any CPU
		{76E760FA-A695-4058-A309-B43499E39EE4}.Debug|Any CPU.Build.0 = Debug|Any CPU
		{76E760FA-A695-4058-A309-B43499E39EE4}.Release|Any CPU.ActiveCfg = Release|Any CPU
		{76E760FA-A695-4058-A309-B43499E39EE4}.Release|Any CPU.Build.0 = Release|Any CPU
	EndGlobalSection
	GlobalSection(SolutionProperties) = preSolution
		HideSolutionNode = FALSE
	EndGlobalSection
	GlobalSection(ExtensibilityGlobals) = postSolution
		SolutionGuid = {41CC7BAA-190F-4F49-B5C3-D3ABC185C362}
	EndGlobalSection
EndGlobal
